{
  "object": {
    "pins": [
      {
        "package": "Defaults",
        "repositoryURL": "https://github.com/automactic/Defaults/",
        "state": {
          "branch": "xcode13",
          "revision": "1e9719a05d316efb0e60033f8119ecaaad207bb9",
          "version": null
        }
      }
    ]
  },
  "version": 1
}
